
Microsoft Visual Studio Solution File, Format Version 12.00
# Visual Studio Version 16
VisualStudioVersion = 16.0.29709.97
MinimumVisualStudioVersion = 10.0.40219.1
Project("{FAE04EC0-301F-11D3-BF4B-00C04F79EFBC}") = "prak4_3", "prak4_3.csproj", "{8B0675C2-5D76-47C8-BBF4-6FC16423938E}"
EndProject
Global
	GlobalSection(SolutionConfigurationPlatforms) = preSolution
		Debug|Any CPU = Debug|Any CPU
		Release|Any CPU = Release|Any CPU
	EndGlobalSection
	GlobalSection(ProjectConfigurationPlatforms) = postSolution
		{8B0675C2-5D76-47C8-BBF4-6FC16423938E}.Debug|Any CPU.ActiveCfg = Debug|Any CPU
		{8B0675C2-5D76-47C8-BBF4-6FC16423938E}.Debug|Any CPU.Build.0 = Debug|Any CPU
		{8B0675C2-5D76-47C8-BBF4-6FC16423938E}.Release|Any CPU.ActiveCfg = Release|Any CPU
		{8B0675C2-5D76-47C8-BBF4-6FC16423938E}.Release|Any CPU.Build.0 = Release|Any CPU
	EndGlobalSection
	GlobalSection(SolutionProperties) = preSolution
		HideSolutionNode = FALSE
	EndGlobalSection
	GlobalSection(ExtensibilityGlobals) = postSolution
		SolutionGuid = {685AE586-C21F-453F-AB10-25FB6521A180}
	EndGlobalSection
EndGlobal
