
Microsoft Visual Studio Solution File, Format Version 12.00
# Visual Studio Version 16
VisualStudioVersion = 16.0.30517.126
MinimumVisualStudioVersion = 10.0.40219.1
Project("{FAE04EC0-301F-11D3-BF4B-00C04F79EFBC}") = "1", "1.csproj", "{FD59970D-955C-4B62-95AE-AF4987A4EF58}"
EndProject
Global
	GlobalSection(SolutionConfigurationPlatforms) = preSolution
		Debug|Any CPU = Debug|Any CPU
		Release|Any CPU = Release|Any CPU
	EndGlobalSection
	GlobalSection(ProjectConfigurationPlatforms) = postSolution
		{FD59970D-955C-4B62-95AE-AF4987A4EF58}.Debug|Any CPU.ActiveCfg = Debug|Any CPU
		{FD59970D-955C-4B62-95AE-AF4987A4EF58}.Debug|Any CPU.Build.0 = Debug|Any CPU
		{FD59970D-955C-4B62-95AE-AF4987A4EF58}.Release|Any CPU.ActiveCfg = Release|Any CPU
		{FD59970D-955C-4B62-95AE-AF4987A4EF58}.Release|Any CPU.Build.0 = Release|Any CPU
	EndGlobalSection
	GlobalSection(SolutionProperties) = preSolution
		HideSolutionNode = FALSE
	EndGlobalSection
	GlobalSection(ExtensibilityGlobals) = postSolution
		SolutionGuid = {77361D47-79AF-45D1-8D8D-DC5597D4E993}
	EndGlobalSection
EndGlobal
