
Microsoft Visual Studio Solution File, Format Version 12.00
# Visual Studio Version 16
VisualStudioVersion = 16.0.29709.97
MinimumVisualStudioVersion = 10.0.40219.1
Project("{FAE04EC0-301F-11D3-BF4B-00C04F79EFBC}") = "prak4_5", "prak4_5.csproj", "{F04BC541-59D7-4C51-92EA-D0624C2E2B9A}"
EndProject
Global
	GlobalSection(SolutionConfigurationPlatforms) = preSolution
		Debug|Any CPU = Debug|Any CPU
		Release|Any CPU = Release|Any CPU
	EndGlobalSection
	GlobalSection(ProjectConfigurationPlatforms) = postSolution
		{F04BC541-59D7-4C51-92EA-D0624C2E2B9A}.Debug|Any CPU.ActiveCfg = Debug|Any CPU
		{F04BC541-59D7-4C51-92EA-D0624C2E2B9A}.Debug|Any CPU.Build.0 = Debug|Any CPU
		{F04BC541-59D7-4C51-92EA-D0624C2E2B9A}.Release|Any CPU.ActiveCfg = Release|Any CPU
		{F04BC541-59D7-4C51-92EA-D0624C2E2B9A}.Release|Any CPU.Build.0 = Release|Any CPU
	EndGlobalSection
	GlobalSection(SolutionProperties) = preSolution
		HideSolutionNode = FALSE
	EndGlobalSection
	GlobalSection(ExtensibilityGlobals) = postSolution
		SolutionGuid = {A33D0EE1-7E3F-42E5-A08C-B3579B0A77AF}
	EndGlobalSection
EndGlobal
