
Microsoft Visual Studio Solution File, Format Version 12.00
# Visual Studio Version 16
VisualStudioVersion = 16.0.29709.97
MinimumVisualStudioVersion = 10.0.40219.1
Project("{FAE04EC0-301F-11D3-BF4B-00C04F79EFBC}") = "prak7_1", "prak7_1.csproj", "{FF31AE98-257B-4F5D-BAA1-CC0862A18DB3}"
EndProject
Global
	GlobalSection(SolutionConfigurationPlatforms) = preSolution
		Debug|Any CPU = Debug|Any CPU
		Release|Any CPU = Release|Any CPU
	EndGlobalSection
	GlobalSection(ProjectConfigurationPlatforms) = postSolution
		{FF31AE98-257B-4F5D-BAA1-CC0862A18DB3}.Debug|Any CPU.ActiveCfg = Debug|Any CPU
		{FF31AE98-257B-4F5D-BAA1-CC0862A18DB3}.Debug|Any CPU.Build.0 = Debug|Any CPU
		{FF31AE98-257B-4F5D-BAA1-CC0862A18DB3}.Release|Any CPU.ActiveCfg = Release|Any CPU
		{FF31AE98-257B-4F5D-BAA1-CC0862A18DB3}.Release|Any CPU.Build.0 = Release|Any CPU
	EndGlobalSection
	GlobalSection(SolutionProperties) = preSolution
		HideSolutionNode = FALSE
	EndGlobalSection
	GlobalSection(ExtensibilityGlobals) = postSolution
		SolutionGuid = {3B3F0C38-38D2-4C51-BC41-9D5149FBE55F}
	EndGlobalSection
EndGlobal
